
Microsoft Visual Studio Solution File, Format Version 12.00
Project("{FAE04EC0-301F-11D3-BF4B-00C04F79EFBC}") = "APBD_CW1", "APBD_CW1\APBD_CW1.csproj", "{8DBEEAA8-F9F1-45FD-B0EF-4FD079F28431}"
EndProject
Global
	GlobalSection(SolutionConfigurationPlatforms) = preSolution
		Debug|Any CPU = Debug|Any CPU
		Release|Any CPU = Release|Any CPU
	EndGlobalSection
	GlobalSection(ProjectConfigurationPlatforms) = postSolution
		{8DBEEAA8-F9F1-45FD-B0EF-4FD079F28431}.Debug|Any CPU.ActiveCfg = Debug|Any CPU
		{8DBEEAA8-F9F1-45FD-B0EF-4FD079F28431}.Debug|Any CPU.Build.0 = Debug|Any CPU
		{8DBEEAA8-F9F1-45FD-B0EF-4FD079F28431}.Release|Any CPU.ActiveCfg = Release|Any CPU
		{8DBEEAA8-F9F1-45FD-B0EF-4FD079F28431}.Release|Any CPU.Build.0 = Release|Any CPU
	EndGlobalSection
EndGlobal
